
Microsoft Visual Studio Solution File, Format Version 12.00
# Visual Studio Version 16
VisualStudioVersion = 16.0.30804.86
MinimumVisualStudioVersion = 10.0.40219.1
Project("{FAE04EC0-301F-11D3-BF4B-00C04F79EFBC}") = "POS", "POS\POS.csproj", "{1D3DC631-26F5-4E8E-91F1-6E9C0CE47B4E}"
EndProject
Project("{2150E333-8FDC-42A3-9474-1A3956D46DE8}") = "Solution Items", "Solution Items", "{C7BD4F5A-6AF1-4ED3-A630-AE272FA4D612}"
EndProject
Global
	GlobalSection(SolutionConfigurationPlatforms) = preSolution
		Debug|Any CPU = Debug|Any CPU
		Release|Any CPU = Release|Any CPU
	EndGlobalSection
	GlobalSection(ProjectConfigurationPlatforms) = postSolution
		{1D3DC631-26F5-4E8E-91F1-6E9C0CE47B4E}.Debug|Any CPU.ActiveCfg = Debug|Any CPU
		{1D3DC631-26F5-4E8E-91F1-6E9C0CE47B4E}.Debug|Any CPU.Build.0 = Debug|Any CPU
		{1D3DC631-26F5-4E8E-91F1-6E9C0CE47B4E}.Release|Any CPU.ActiveCfg = Release|Any CPU
		{1D3DC631-26F5-4E8E-91F1-6E9C0CE47B4E}.Release|Any CPU.Build.0 = Release|Any CPU
	EndGlobalSection
	GlobalSection(SolutionProperties) = preSolution
		HideSolutionNode = FALSE
	EndGlobalSection
	GlobalSection(ExtensibilityGlobals) = postSolution
		SolutionGuid = {51689A1C-62FF-40F5-98F8-9D57DCCF38CD}
	EndGlobalSection
EndGlobal
